
Microsoft Visual Studio Solution File, Format Version 12.00
# Visual Studio Version 17
VisualStudioVersion = 17.2.32616.157
MinimumVisualStudioVersion = 10.0.40219.1
Project("{9A19103F-16F7-4668-BE54-9A1E7A4F7556}") = "AMP.Web.Models", "AMP.Web.Models\AMP.Web.Models.csproj", "{20EE4AB8-88D6-45E9-8B5C-65674846001F}"
EndProject
Project("{9A19103F-16F7-4668-BE54-9A1E7A4F7556}") = "Kessewa.Extension.Shared", "Kessewa.Extension.Shared\Kessewa.Extension.Shared.csproj", "{934FD533-EDD2-4ACF-A8BA-23B70E3748E3}"
EndProject
Project("{9A19103F-16F7-4668-BE54-9A1E7A4F7556}") = "ArtisanLibrary", "ArtisanLibrary\ArtisanLibrary.csproj", "{55E4E9FA-6F1E-484F-8EF8-46F32789CE2E}"
EndProject
Project("{9A19103F-16F7-4668-BE54-9A1E7A4F7556}") = "SharedComponents", "SharedComponents\SharedComponents.csproj", "{588C1244-2D20-4AFD-9FBB-76BDA7198BFA}"
EndProject
Project("{9A19103F-16F7-4668-BE54-9A1E7A4F7556}") = "CustomerLibrary", "CustomerLibrary\CustomerLibrary.csproj", "{891621F5-A29F-4DAF-9603-9C95343B7838}"
EndProject
Project("{9A19103F-16F7-4668-BE54-9A1E7A4F7556}") = "AMP.UI", "AMP.UI\AMP.UI.csproj", "{5C4922A8-7CF4-45DB-B377-93967A5C7AB5}"
EndProject
Global
	GlobalSection(SolutionConfigurationPlatforms) = preSolution
		Debug|Any CPU = Debug|Any CPU
		Release|Any CPU = Release|Any CPU
	EndGlobalSection
	GlobalSection(ProjectConfigurationPlatforms) = postSolution
		{20EE4AB8-88D6-45E9-8B5C-65674846001F}.Debug|Any CPU.ActiveCfg = Debug|Any CPU
		{20EE4AB8-88D6-45E9-8B5C-65674846001F}.Debug|Any CPU.Build.0 = Debug|Any CPU
		{20EE4AB8-88D6-45E9-8B5C-65674846001F}.Release|Any CPU.ActiveCfg = Release|Any CPU
		{20EE4AB8-88D6-45E9-8B5C-65674846001F}.Release|Any CPU.Build.0 = Release|Any CPU
		{934FD533-EDD2-4ACF-A8BA-23B70E3748E3}.Debug|Any CPU.ActiveCfg = Debug|Any CPU
		{934FD533-EDD2-4ACF-A8BA-23B70E3748E3}.Debug|Any CPU.Build.0 = Debug|Any CPU
		{934FD533-EDD2-4ACF-A8BA-23B70E3748E3}.Release|Any CPU.ActiveCfg = Release|Any CPU
		{934FD533-EDD2-4ACF-A8BA-23B70E3748E3}.Release|Any CPU.Build.0 = Release|Any CPU
		{55E4E9FA-6F1E-484F-8EF8-46F32789CE2E}.Debug|Any CPU.ActiveCfg = Debug|Any CPU
		{55E4E9FA-6F1E-484F-8EF8-46F32789CE2E}.Debug|Any CPU.Build.0 = Debug|Any CPU
		{55E4E9FA-6F1E-484F-8EF8-46F32789CE2E}.Release|Any CPU.ActiveCfg = Release|Any CPU
		{55E4E9FA-6F1E-484F-8EF8-46F32789CE2E}.Release|Any CPU.Build.0 = Release|Any CPU
		{588C1244-2D20-4AFD-9FBB-76BDA7198BFA}.Debug|Any CPU.ActiveCfg = Debug|Any CPU
		{588C1244-2D20-4AFD-9FBB-76BDA7198BFA}.Debug|Any CPU.Build.0 = Debug|Any CPU
		{588C1244-2D20-4AFD-9FBB-76BDA7198BFA}.Release|Any CPU.ActiveCfg = Release|Any CPU
		{588C1244-2D20-4AFD-9FBB-76BDA7198BFA}.Release|Any CPU.Build.0 = Release|Any CPU
		{891621F5-A29F-4DAF-9603-9C95343B7838}.Debug|Any CPU.ActiveCfg = Debug|Any CPU
		{891621F5-A29F-4DAF-9603-9C95343B7838}.Debug|Any CPU.Build.0 = Debug|Any CPU
		{891621F5-A29F-4DAF-9603-9C95343B7838}.Release|Any CPU.ActiveCfg = Release|Any CPU
		{891621F5-A29F-4DAF-9603-9C95343B7838}.Release|Any CPU.Build.0 = Release|Any CPU
		{5C4922A8-7CF4-45DB-B377-93967A5C7AB5}.Debug|Any CPU.ActiveCfg = Debug|Any CPU
		{5C4922A8-7CF4-45DB-B377-93967A5C7AB5}.Debug|Any CPU.Build.0 = Debug|Any CPU
		{5C4922A8-7CF4-45DB-B377-93967A5C7AB5}.Release|Any CPU.ActiveCfg = Release|Any CPU
		{5C4922A8-7CF4-45DB-B377-93967A5C7AB5}.Release|Any CPU.Build.0 = Release|Any CPU
	EndGlobalSection
	GlobalSection(SolutionProperties) = preSolution
		HideSolutionNode = FALSE
	EndGlobalSection
	GlobalSection(ExtensibilityGlobals) = postSolution
		SolutionGuid = {48324E92-128B-49A4-801F-6F1E42C0F12C}
	EndGlobalSection
EndGlobal
